
Microsoft Visual Studio Solution File, Format Version 12.00
# Visual Studio Version 16
VisualStudioVersion = 16.0.33328.57
MinimumVisualStudioVersion = 10.0.40219.1
Project("{FAE04EC0-301F-11D3-BF4B-00C04F79EFBC}") = "EMS_Solu_09Dec2023", "EMS_Solu_09Dec2023\EMS_Solu_09Dec2023.csproj", "{66ADA76A-3322-46A1-A9F6-3C6A4AF46778}"
EndProject
Global
	GlobalSection(SolutionConfigurationPlatforms) = preSolution
		Debug|Any CPU = Debug|Any CPU
		Release|Any CPU = Release|Any CPU
	EndGlobalSection
	GlobalSection(ProjectConfigurationPlatforms) = postSolution
		{66ADA76A-3322-46A1-A9F6-3C6A4AF46778}.Debug|Any CPU.ActiveCfg = Debug|Any CPU
		{66ADA76A-3322-46A1-A9F6-3C6A4AF46778}.Debug|Any CPU.Build.0 = Debug|Any CPU
		{66ADA76A-3322-46A1-A9F6-3C6A4AF46778}.Release|Any CPU.ActiveCfg = Release|Any CPU
		{66ADA76A-3322-46A1-A9F6-3C6A4AF46778}.Release|Any CPU.Build.0 = Release|Any CPU
	EndGlobalSection
	GlobalSection(SolutionProperties) = preSolution
		HideSolutionNode = FALSE
	EndGlobalSection
	GlobalSection(ExtensibilityGlobals) = postSolution
		SolutionGuid = {1B71F626-86AA-494A-BC17-36405EEBB86C}
	EndGlobalSection
EndGlobal
